PODS:
  - Nimble (3.2.0)
  - Quick (0.9.1)
  - VectorSwift (0.1.0)

DEPENDENCIES:
  - Nimble (from `https://github.com/norio-nomura/Nimble.git`)
  - Quick (from `https://github.com/norio-nomura/Quick.git`)
  - VectorSwift (from `../`)

EXTERNAL SOURCES:
  Nimble:
    :git: https://github.com/norio-nomura/Nimble.git
  Quick:
    :git: https://github.com/norio-nomura/Quick.git
  VectorSwift:
    :path: "../"

CHECKOUT OPTIONS:
  Nimble:
    :commit: 918ce7db50c532cdaa6f0cc79c438f612d82b444
    :git: https://github.com/norio-nomura/Nimble.git
  Quick:
    :commit: 3a1d88fb81476001c62f086dbd94bb0f5354f1a3
    :git: https://github.com/norio-nomura/Quick.git

SPEC CHECKSUMS:
  Nimble: 703854335d181df169bbca9c97117b5cf8c47c1d
  Quick: a5221fc21788b6aeda934805e68b061839bc3165
  VectorSwift: 2d6d83134d89b1e27d796c71deaa607cbfb9e05f

PODFILE CHECKSUM: 072d545a56790c5781645a5fac2415b1374bb8b2

COCOAPODS: 1.0.1
